
Microsoft Visual Studio Solution File, Format Version 12.00
# Visual Studio Version 16
VisualStudioVersion = 16.0.30804.86
MinimumVisualStudioVersion = 10.0.40219.1
Project("{FAE04EC0-301F-11D3-BF4B-00C04F79EFBC}") = "AwesomeApp1.Android", "AwesomeApp1.Android\AwesomeApp1.Android.csproj", "{4D05829C-0A2E-4566-9510-734BFEB69272}"
EndProject
Project("{FAE04EC0-301F-11D3-BF4B-00C04F79EFBC}") = "AwesomeApp1.iOS", "AwesomeApp1.iOS\AwesomeApp1.iOS.csproj", "{8ABD87A1-0645-4E24-90D8-817CD4ED09E9}"
EndProject
Project("{FAE04EC0-301F-11D3-BF4B-00C04F79EFBC}") = "AwesomeApp1", "AwesomeApp1\AwesomeApp1.csproj", "{5743F58C-FAF9-4888-BAED-C87503E77BBA}"
EndProject
Global
	GlobalSection(SolutionConfigurationPlatforms) = preSolution
		Debug|Any CPU = Debug|Any CPU
		Debug|iPhone = Debug|iPhone
		Debug|iPhoneSimulator = Debug|iPhoneSimulator
		Release|Any CPU = Release|Any CPU
		Release|iPhone = Release|iPhone
		Release|iPhoneSimulator = Release|iPhoneSimulator
	EndGlobalSection
	GlobalSection(ProjectConfigurationPlatforms) = postSolution
		{4D05829C-0A2E-4566-9510-734BFEB69272}.Debug|Any CPU.ActiveCfg = Debug|Any CPU
		{4D05829C-0A2E-4566-9510-734BFEB69272}.Debug|Any CPU.Build.0 = Debug|Any CPU
		{4D05829C-0A2E-4566-9510-734BFEB69272}.Debug|Any CPU.Deploy.0 = Debug|Any CPU
		{4D05829C-0A2E-4566-9510-734BFEB69272}.Debug|iPhone.ActiveCfg = Debug|Any CPU
		{4D05829C-0A2E-4566-9510-734BFEB69272}.Debug|iPhone.Build.0 = Debug|Any CPU
		{4D05829C-0A2E-4566-9510-734BFEB69272}.Debug|iPhone.Deploy.0 = Debug|Any CPU
		{4D05829C-0A2E-4566-9510-734BFEB69272}.Debug|iPhoneSimulator.ActiveCfg = Debug|Any CPU
		{4D05829C-0A2E-4566-9510-734BFEB69272}.Debug|iPhoneSimulator.Build.0 = Debug|Any CPU
		{4D05829C-0A2E-4566-9510-734BFEB69272}.Debug|iPhoneSimulator.Deploy.0 = Debug|Any CPU
		{4D05829C-0A2E-4566-9510-734BFEB69272}.Release|Any CPU.ActiveCfg = Release|Any CPU
		{4D05829C-0A2E-4566-9510-734BFEB69272}.Release|Any CPU.Build.0 = Release|Any CPU
		{4D05829C-0A2E-4566-9510-734BFEB69272}.Release|Any CPU.Deploy.0 = Release|Any CPU
		{4D05829C-0A2E-4566-9510-734BFEB69272}.Release|iPhone.ActiveCfg = Release|Any CPU
		{4D05829C-0A2E-4566-9510-734BFEB69272}.Release|iPhone.Build.0 = Release|Any CPU
		{4D05829C-0A2E-4566-9510-734BFEB69272}.Release|iPhone.Deploy.0 = Release|Any CPU
		{4D05829C-0A2E-4566-9510-734BFEB69272}.Release|iPhoneSimulator.ActiveCfg = Release|Any CPU
		{4D05829C-0A2E-4566-9510-734BFEB69272}.Release|iPhoneSimulator.Build.0 = Release|Any CPU
		{4D05829C-0A2E-4566-9510-734BFEB69272}.Release|iPhoneSimulator.Deploy.0 = Release|Any CPU
		{8ABD87A1-0645-4E24-90D8-817CD4ED09E9}.Debug|Any CPU.ActiveCfg = Debug|iPhone
		{8ABD87A1-0645-4E24-90D8-817CD4ED09E9}.Debug|Any CPU.Build.0 = Debug|iPhone
		{8ABD87A1-0645-4E24-90D8-817CD4ED09E9}.Debug|Any CPU.Deploy.0 = Debug|iPhone
		{8ABD87A1-0645-4E24-90D8-817CD4ED09E9}.Debug|iPhone.ActiveCfg = Debug|iPhone
		{8ABD87A1-0645-4E24-90D8-817CD4ED09E9}.Debug|iPhone.Build.0 = Debug|iPhone
		{8ABD87A1-0645-4E24-90D8-817CD4ED09E9}.Debug|iPhone.Deploy.0 = Debug|iPhone
		{8ABD87A1-0645-4E24-90D8-817CD4ED09E9}.Debug|iPhoneSimulator.ActiveCfg = Debug|iPhoneSimulator
		{8ABD87A1-0645-4E24-90D8-817CD4ED09E9}.Debug|iPhoneSimulator.Build.0 = Debug|iPhoneSimulator
		{8ABD87A1-0645-4E24-90D8-817CD4ED09E9}.Debug|iPhoneSimulator.Deploy.0 = Debug|iPhoneSimulator
		{8ABD87A1-0645-4E24-90D8-817CD4ED09E9}.Release|Any CPU.ActiveCfg = Release|iPhoneSimulator
		{8ABD87A1-0645-4E24-90D8-817CD4ED09E9}.Release|Any CPU.Build.0 = Release|iPhoneSimulator
		{8ABD87A1-0645-4E24-90D8-817CD4ED09E9}.Release|Any CPU.Deploy.0 = Release|iPhoneSimulator
		{8ABD87A1-0645-4E24-90D8-817CD4ED09E9}.Release|iPhone.ActiveCfg = Release|iPhone
		{8ABD87A1-0645-4E24-90D8-817CD4ED09E9}.Release|iPhone.Build.0 = Release|iPhone
		{8ABD87A1-0645-4E24-90D8-817CD4ED09E9}.Release|iPhone.Deploy.0 = Release|iPhone
		{8ABD87A1-0645-4E24-90D8-817CD4ED09E9}.Release|iPhoneSimulator.ActiveCfg = Release|iPhoneSimulator
		{8ABD87A1-0645-4E24-90D8-817CD4ED09E9}.Release|iPhoneSimulator.Build.0 = Release|iPhoneSimulator
		{8ABD87A1-0645-4E24-90D8-817CD4ED09E9}.Release|iPhoneSimulator.Deploy.0 = Release|iPhoneSimulator
		{5743F58C-FAF9-4888-BAED-C87503E77BBA}.Debug|Any CPU.ActiveCfg = Debug|Any CPU
		{5743F58C-FAF9-4888-BAED-C87503E77BBA}.Debug|Any CPU.Build.0 = Debug|Any CPU
		{5743F58C-FAF9-4888-BAED-C87503E77BBA}.Debug|Any CPU.Deploy.0 = Debug|Any CPU
		{5743F58C-FAF9-4888-BAED-C87503E77BBA}.Debug|iPhone.ActiveCfg = Debug|Any CPU
		{5743F58C-FAF9-4888-BAED-C87503E77BBA}.Debug|iPhone.Build.0 = Debug|Any CPU
		{5743F58C-FAF9-4888-BAED-C87503E77BBA}.Debug|iPhone.Deploy.0 = Debug|Any CPU
		{5743F58C-FAF9-4888-BAED-C87503E77BBA}.Debug|iPhoneSimulator.ActiveCfg = Debug|Any CPU
		{5743F58C-FAF9-4888-BAED-C87503E77BBA}.Debug|iPhoneSimulator.Build.0 = Debug|Any CPU
		{5743F58C-FAF9-4888-BAED-C87503E77BBA}.Debug|iPhoneSimulator.Deploy.0 = Debug|Any CPU
		{5743F58C-FAF9-4888-BAED-C87503E77BBA}.Release|Any CPU.ActiveCfg = Release|Any CPU
		{5743F58C-FAF9-4888-BAED-C87503E77BBA}.Release|Any CPU.Build.0 = Release|Any CPU
		{5743F58C-FAF9-4888-BAED-C87503E77BBA}.Release|Any CPU.Deploy.0 = Release|Any CPU
		{5743F58C-FAF9-4888-BAED-C87503E77BBA}.Release|iPhone.ActiveCfg = Release|Any CPU
		{5743F58C-FAF9-4888-BAED-C87503E77BBA}.Release|iPhone.Build.0 = Release|Any CPU
		{5743F58C-FAF9-4888-BAED-C87503E77BBA}.Release|iPhone.Deploy.0 = Release|Any CPU
		{5743F58C-FAF9-4888-BAED-C87503E77BBA}.Release|iPhoneSimulator.ActiveCfg = Release|Any CPU
		{5743F58C-FAF9-4888-BAED-C87503E77BBA}.Release|iPhoneSimulator.Build.0 = Release|Any CPU
		{5743F58C-FAF9-4888-BAED-C87503E77BBA}.Release|iPhoneSimulator.Deploy.0 = Release|Any CPU
	EndGlobalSection
	GlobalSection(SolutionProperties) = preSolution
		HideSolutionNode = FALSE
	EndGlobalSection
	GlobalSection(ExtensibilityGlobals) = postSolution
		SolutionGuid = {A6A3E0EA-B9A2-41EE-A984-67690843D4B2}
	EndGlobalSection
EndGlobal
